
Microsoft Visual Studio Solution File, Format Version 12.00
# Visual Studio 15
VisualStudioVersion = 15.0.28307.329
MinimumVisualStudioVersion = 10.0.40219.1
Project("{FAE04EC0-301F-11D3-BF4B-00C04F79EFBC}") = "MetanitSharpNet", "MetanitSharpNet\MetanitSharpNet.csproj", "{3A70109E-77C4-4D09-914E-46DE66BE3758}"
EndProject
Project("{FAE04EC0-301F-11D3-BF4B-00C04F79EFBC}") = "MetanitSharpNet.MVC", "MetanitSharpNet.MVC\MetanitSharpNet.MVC.csproj", "{42EBCEE7-E1AB-4C73-9186-DCA327AA719C}"
EndProject
Project("{FAE04EC0-301F-11D3-BF4B-00C04F79EFBC}") = "SocketTcpClient", "SocketTcpClient\SocketTcpClient.csproj", "{C537A22F-3080-4227-BA7F-DB1168F458F1}"
EndProject
Project("{FAE04EC0-301F-11D3-BF4B-00C04F79EFBC}") = "SocketTcpServer", "SocketTcpServer\SocketTcpServer.csproj", "{6F22999A-AFCA-40EB-A6F0-D11DA7A7C17C}"
EndProject
Project("{FAE04EC0-301F-11D3-BF4B-00C04F79EFBC}") = "SocketUdpClient", "SocketUdpClient\SocketUdpClient.csproj", "{6EDE9624-636C-40B7-AC2E-433D6DA2CEDA}"
EndProject
Project("{FAE04EC0-301F-11D3-BF4B-00C04F79EFBC}") = "TcpClientApp", "TcpClientApp\TcpClientApp.csproj", "{93926997-3984-4602-8CBA-129688AF5D2F}"
EndProject
Project("{FAE04EC0-301F-11D3-BF4B-00C04F79EFBC}") = "TcpListenerApp", "TcpListenerApp\TcpListenerApp.csproj", "{3FF0E5F3-70EF-4BAC-A7DB-3FCD09F85C9B}"
EndProject
Project("{FAE04EC0-301F-11D3-BF4B-00C04F79EFBC}") = "ConsoleTcpClient", "ConsoleTcpClient\ConsoleTcpClient.csproj", "{54131EA4-82F0-4820-9DD0-867DFBA3077C}"
EndProject
Project("{FAE04EC0-301F-11D3-BF4B-00C04F79EFBC}") = "ConsoleTcpServer", "ConsoleTcpServer\ConsoleTcpServer.csproj", "{322E6CD2-A38F-482F-8C7B-1369DB34633A}"
EndProject
Project("{FAE04EC0-301F-11D3-BF4B-00C04F79EFBC}") = "ChatServer", "ChatServer\ChatServer.csproj", "{5E50B639-F72B-42F1-8525-90751146EA3B}"
EndProject
Project("{FAE04EC0-301F-11D3-BF4B-00C04F79EFBC}") = "ChatClient", "ChatClient\ChatClient.csproj", "{AABEF5A0-37DF-4EB8-9184-0BD87E30C2CA}"
EndProject
Project("{FAE04EC0-301F-11D3-BF4B-00C04F79EFBC}") = "UdpClientApp", "UdpClientApp\UdpClientApp.csproj", "{A735D17F-AAA1-4AEC-A1DE-01C13F61D1A0}"
EndProject
Project("{FAE04EC0-301F-11D3-BF4B-00C04F79EFBC}") = "MulticastApp", "MulticastApp\MulticastApp.csproj", "{1E8B0B80-71DC-4E1C-A8F5-AAE77D12757F}"
EndProject
Project("{FAE04EC0-301F-11D3-BF4B-00C04F79EFBC}") = "UdpChat", "UdpChat\UdpChat.csproj", "{C85FAFEE-DD8B-4491-861C-A756417C25F0}"
EndProject
Project("{FAE04EC0-301F-11D3-BF4B-00C04F79EFBC}") = "TxtServer", "TxtServer\TxtServer.csproj", "{52FC409D-4DBB-41EB-A9E8-B8F3E75013D4}"
EndProject
Project("{FAE04EC0-301F-11D3-BF4B-00C04F79EFBC}") = "TxtClient", "TxtClient\TxtClient.csproj", "{2258EC69-8B3D-4AEE-AA20-E8594F6F5677}"
EndProject
Global
	GlobalSection(SolutionConfigurationPlatforms) = preSolution
		Debug|Any CPU = Debug|Any CPU
		Release|Any CPU = Release|Any CPU
	EndGlobalSection
	GlobalSection(ProjectConfigurationPlatforms) = postSolution
		{3A70109E-77C4-4D09-914E-46DE66BE3758}.Debug|Any CPU.ActiveCfg = Debug|Any CPU
		{3A70109E-77C4-4D09-914E-46DE66BE3758}.Debug|Any CPU.Build.0 = Debug|Any CPU
		{3A70109E-77C4-4D09-914E-46DE66BE3758}.Release|Any CPU.ActiveCfg = Release|Any CPU
		{3A70109E-77C4-4D09-914E-46DE66BE3758}.Release|Any CPU.Build.0 = Release|Any CPU
		{42EBCEE7-E1AB-4C73-9186-DCA327AA719C}.Debug|Any CPU.ActiveCfg = Debug|Any CPU
		{42EBCEE7-E1AB-4C73-9186-DCA327AA719C}.Debug|Any CPU.Build.0 = Debug|Any CPU
		{42EBCEE7-E1AB-4C73-9186-DCA327AA719C}.Release|Any CPU.ActiveCfg = Release|Any CPU
		{42EBCEE7-E1AB-4C73-9186-DCA327AA719C}.Release|Any CPU.Build.0 = Release|Any CPU
		{C537A22F-3080-4227-BA7F-DB1168F458F1}.Debug|Any CPU.ActiveCfg = Debug|Any CPU
		{C537A22F-3080-4227-BA7F-DB1168F458F1}.Debug|Any CPU.Build.0 = Debug|Any CPU
		{C537A22F-3080-4227-BA7F-DB1168F458F1}.Release|Any CPU.ActiveCfg = Release|Any CPU
		{C537A22F-3080-4227-BA7F-DB1168F458F1}.Release|Any CPU.Build.0 = Release|Any CPU
		{6F22999A-AFCA-40EB-A6F0-D11DA7A7C17C}.Debug|Any CPU.ActiveCfg = Debug|Any CPU
		{6F22999A-AFCA-40EB-A6F0-D11DA7A7C17C}.Debug|Any CPU.Build.0 = Debug|Any CPU
		{6F22999A-AFCA-40EB-A6F0-D11DA7A7C17C}.Release|Any CPU.ActiveCfg = Release|Any CPU
		{6F22999A-AFCA-40EB-A6F0-D11DA7A7C17C}.Release|Any CPU.Build.0 = Release|Any CPU
		{6EDE9624-636C-40B7-AC2E-433D6DA2CEDA}.Debug|Any CPU.ActiveCfg = Debug|Any CPU
		{6EDE9624-636C-40B7-AC2E-433D6DA2CEDA}.Debug|Any CPU.Build.0 = Debug|Any CPU
		{6EDE9624-636C-40B7-AC2E-433D6DA2CEDA}.Release|Any CPU.ActiveCfg = Release|Any CPU
		{6EDE9624-636C-40B7-AC2E-433D6DA2CEDA}.Release|Any CPU.Build.0 = Release|Any CPU
		{93926997-3984-4602-8CBA-129688AF5D2F}.Debug|Any CPU.ActiveCfg = Debug|Any CPU
		{93926997-3984-4602-8CBA-129688AF5D2F}.Debug|Any CPU.Build.0 = Debug|Any CPU
		{93926997-3984-4602-8CBA-129688AF5D2F}.Release|Any CPU.ActiveCfg = Release|Any CPU
		{93926997-3984-4602-8CBA-129688AF5D2F}.Release|Any CPU.Build.0 = Release|Any CPU
		{3FF0E5F3-70EF-4BAC-A7DB-3FCD09F85C9B}.Debug|Any CPU.ActiveCfg = Debug|Any CPU
		{3FF0E5F3-70EF-4BAC-A7DB-3FCD09F85C9B}.Debug|Any CPU.Build.0 = Debug|Any CPU
		{3FF0E5F3-70EF-4BAC-A7DB-3FCD09F85C9B}.Release|Any CPU.ActiveCfg = Release|Any CPU
		{3FF0E5F3-70EF-4BAC-A7DB-3FCD09F85C9B}.Release|Any CPU.Build.0 = Release|Any CPU
		{54131EA4-82F0-4820-9DD0-867DFBA3077C}.Debug|Any CPU.ActiveCfg = Debug|Any CPU
		{54131EA4-82F0-4820-9DD0-867DFBA3077C}.Debug|Any CPU.Build.0 = Debug|Any CPU
		{54131EA4-82F0-4820-9DD0-867DFBA3077C}.Release|Any CPU.ActiveCfg = Release|Any CPU
		{54131EA4-82F0-4820-9DD0-867DFBA3077C}.Release|Any CPU.Build.0 = Release|Any CPU
		{322E6CD2-A38F-482F-8C7B-1369DB34633A}.Debug|Any CPU.ActiveCfg = Debug|Any CPU
		{322E6CD2-A38F-482F-8C7B-1369DB34633A}.Debug|Any CPU.Build.0 = Debug|Any CPU
		{322E6CD2-A38F-482F-8C7B-1369DB34633A}.Release|Any CPU.ActiveCfg = Release|Any CPU
		{322E6CD2-A38F-482F-8C7B-1369DB34633A}.Release|Any CPU.Build.0 = Release|Any CPU
		{5E50B639-F72B-42F1-8525-90751146EA3B}.Debug|Any CPU.ActiveCfg = Debug|Any CPU
		{5E50B639-F72B-42F1-8525-90751146EA3B}.Debug|Any CPU.Build.0 = Debug|Any CPU
		{5E50B639-F72B-42F1-8525-90751146EA3B}.Release|Any CPU.ActiveCfg = Release|Any CPU
		{5E50B639-F72B-42F1-8525-90751146EA3B}.Release|Any CPU.Build.0 = Release|Any CPU
		{AABEF5A0-37DF-4EB8-9184-0BD87E30C2CA}.Debug|Any CPU.ActiveCfg = Debug|Any CPU
		{AABEF5A0-37DF-4EB8-9184-0BD87E30C2CA}.Debug|Any CPU.Build.0 = Debug|Any CPU
		{AABEF5A0-37DF-4EB8-9184-0BD87E30C2CA}.Release|Any CPU.ActiveCfg = Release|Any CPU
		{AABEF5A0-37DF-4EB8-9184-0BD87E30C2CA}.Release|Any CPU.Build.0 = Release|Any CPU
		{A735D17F-AAA1-4AEC-A1DE-01C13F61D1A0}.Debug|Any CPU.ActiveCfg = Debug|Any CPU
		{A735D17F-AAA1-4AEC-A1DE-01C13F61D1A0}.Debug|Any CPU.Build.0 = Debug|Any CPU
		{A735D17F-AAA1-4AEC-A1DE-01C13F61D1A0}.Release|Any CPU.ActiveCfg = Release|Any CPU
		{A735D17F-AAA1-4AEC-A1DE-01C13F61D1A0}.Release|Any CPU.Build.0 = Release|Any CPU
		{1E8B0B80-71DC-4E1C-A8F5-AAE77D12757F}.Debug|Any CPU.ActiveCfg = Debug|Any CPU
		{1E8B0B80-71DC-4E1C-A8F5-AAE77D12757F}.Debug|Any CPU.Build.0 = Debug|Any CPU
		{1E8B0B80-71DC-4E1C-A8F5-AAE77D12757F}.Release|Any CPU.ActiveCfg = Release|Any CPU
		{1E8B0B80-71DC-4E1C-A8F5-AAE77D12757F}.Release|Any CPU.Build.0 = Release|Any CPU
		{C85FAFEE-DD8B-4491-861C-A756417C25F0}.Debug|Any CPU.ActiveCfg = Debug|Any CPU
		{C85FAFEE-DD8B-4491-861C-A756417C25F0}.Debug|Any CPU.Build.0 = Debug|Any CPU
		{C85FAFEE-DD8B-4491-861C-A756417C25F0}.Release|Any CPU.ActiveCfg = Release|Any CPU
		{C85FAFEE-DD8B-4491-861C-A756417C25F0}.Release|Any CPU.Build.0 = Release|Any CPU
		{52FC409D-4DBB-41EB-A9E8-B8F3E75013D4}.Debug|Any CPU.ActiveCfg = Debug|Any CPU
		{52FC409D-4DBB-41EB-A9E8-B8F3E75013D4}.Debug|Any CPU.Build.0 = Debug|Any CPU
		{52FC409D-4DBB-41EB-A9E8-B8F3E75013D4}.Release|Any CPU.ActiveCfg = Release|Any CPU
		{52FC409D-4DBB-41EB-A9E8-B8F3E75013D4}.Release|Any CPU.Build.0 = Release|Any CPU
		{2258EC69-8B3D-4AEE-AA20-E8594F6F5677}.Debug|Any CPU.ActiveCfg = Debug|Any CPU
		{2258EC69-8B3D-4AEE-AA20-E8594F6F5677}.Debug|Any CPU.Build.0 = Debug|Any CPU
		{2258EC69-8B3D-4AEE-AA20-E8594F6F5677}.Release|Any CPU.ActiveCfg = Release|Any CPU
		{2258EC69-8B3D-4AEE-AA20-E8594F6F5677}.Release|Any CPU.Build.0 = Release|Any CPU
	EndGlobalSection
	GlobalSection(SolutionProperties) = preSolution
		HideSolutionNode = FALSE
	EndGlobalSection
	GlobalSection(ExtensibilityGlobals) = postSolution
		SolutionGuid = {B33DFCD2-CB4E-407C-993C-5BEDA836F1C0}
	EndGlobalSection
EndGlobal
